
Microsoft Visual Studio Solution File, Format Version 12.00
# Visual Studio Version 17
VisualStudioVersion = 17.4.33213.308
MinimumVisualStudioVersion = 10.0.40219.1
Project("{9A19103F-16F7-4668-BE54-9A1E7A4F7556}") = "Console_TesteUnidas", "Console_TesteUnidas\Console_TesteUnidas.csproj", "{E782ABFF-36AF-419F-91EC-7813F9723C66}"
EndProject
Project("{FAE04EC0-301F-11D3-BF4B-00C04F79EFBC}") = "Console_TestUnidasTest", "Solution_TestUnidasTest\Console_TestUnidasTest.csproj", "{90B12BC7-8EEF-4D4D-B128-A6D9C6D2F368}"
EndProject
Global
	GlobalSection(SolutionConfigurationPlatforms) = preSolution
		Debug|Any CPU = Debug|Any CPU
		Release|Any CPU = Release|Any CPU
	EndGlobalSection
	GlobalSection(ProjectConfigurationPlatforms) = postSolution
		{E782ABFF-36AF-419F-91EC-7813F9723C66}.Debug|Any CPU.ActiveCfg = Debug|Any CPU
		{E782ABFF-36AF-419F-91EC-7813F9723C66}.Debug|Any CPU.Build.0 = Debug|Any CPU
		{E782ABFF-36AF-419F-91EC-7813F9723C66}.Release|Any CPU.ActiveCfg = Release|Any CPU
		{E782ABFF-36AF-419F-91EC-7813F9723C66}.Release|Any CPU.Build.0 = Release|Any CPU
		{90B12BC7-8EEF-4D4D-B128-A6D9C6D2F368}.Debug|Any CPU.ActiveCfg = Debug|Any CPU
		{90B12BC7-8EEF-4D4D-B128-A6D9C6D2F368}.Debug|Any CPU.Build.0 = Debug|Any CPU
		{90B12BC7-8EEF-4D4D-B128-A6D9C6D2F368}.Release|Any CPU.ActiveCfg = Release|Any CPU
		{90B12BC7-8EEF-4D4D-B128-A6D9C6D2F368}.Release|Any CPU.Build.0 = Release|Any CPU
	EndGlobalSection
	GlobalSection(SolutionProperties) = preSolution
		HideSolutionNode = FALSE
	EndGlobalSection
	GlobalSection(ExtensibilityGlobals) = postSolution
		SolutionGuid = {8AC0115B-310B-438D-8801-4589AD45CC3A}
	EndGlobalSection
EndGlobal
