
Microsoft Visual Studio Solution File, Format Version 12.00
# Visual Studio Version 17
VisualStudioVersion = 17.4.33213.308
MinimumVisualStudioVersion = 10.0.40219.1
Project("{9A19103F-16F7-4668-BE54-9A1E7A4F7556}") = "TesteUnidas", "TesteUnidas\TesteUnidas.csproj", "{E782ABFF-36AF-419F-91EC-7813F9723C66}"
EndProject
Project("{9A19103F-16F7-4668-BE54-9A1E7A4F7556}") = "TestUnidasTest", "TesteUnidasTest\TestUnidasTest.csproj", "{DC68F07E-12D8-44E7-9CC6-6EBD8C5BCB8E}"
EndProject
Global
	GlobalSection(SolutionConfigurationPlatforms) = preSolution
		Debug|Any CPU = Debug|Any CPU
		Release|Any CPU = Release|Any CPU
	EndGlobalSection
	GlobalSection(ProjectConfigurationPlatforms) = postSolution
		{E782ABFF-36AF-419F-91EC-7813F9723C66}.Debug|Any CPU.ActiveCfg = Debug|Any CPU
		{E782ABFF-36AF-419F-91EC-7813F9723C66}.Debug|Any CPU.Build.0 = Debug|Any CPU
		{E782ABFF-36AF-419F-91EC-7813F9723C66}.Release|Any CPU.ActiveCfg = Release|Any CPU
		{E782ABFF-36AF-419F-91EC-7813F9723C66}.Release|Any CPU.Build.0 = Release|Any CPU
		{DC68F07E-12D8-44E7-9CC6-6EBD8C5BCB8E}.Debug|Any CPU.ActiveCfg = Debug|Any CPU
		{DC68F07E-12D8-44E7-9CC6-6EBD8C5BCB8E}.Debug|Any CPU.Build.0 = Debug|Any CPU
		{DC68F07E-12D8-44E7-9CC6-6EBD8C5BCB8E}.Release|Any CPU.ActiveCfg = Release|Any CPU
		{DC68F07E-12D8-44E7-9CC6-6EBD8C5BCB8E}.Release|Any CPU.Build.0 = Release|Any CPU
	EndGlobalSection
	GlobalSection(SolutionProperties) = preSolution
		HideSolutionNode = FALSE
	EndGlobalSection
	GlobalSection(ExtensibilityGlobals) = postSolution
		SolutionGuid = {8AC0115B-310B-438D-8801-4589AD45CC3A}
	EndGlobalSection
EndGlobal
